
Microsoft Visual Studio Solution File, Format Version 12.00
# Visual Studio Version 16
VisualStudioVersion = 16.0.29424.173
MinimumVisualStudioVersion = 10.0.40219.1
Project("{FAE04EC0-301F-11D3-BF4B-00C04F79EFBC}") = "ExceptionHandling", "ExceptionHandling.csproj", "{00A12101-2295-4F19-903F-F9B288B5B4DE}"
EndProject
Global
	GlobalSection(SolutionConfigurationPlatforms) = preSolution
		Debug|Any CPU = Debug|Any CPU
		Release|Any CPU = Release|Any CPU
	EndGlobalSection
	GlobalSection(ProjectConfigurationPlatforms) = postSolution
		{00A12101-2295-4F19-903F-F9B288B5B4DE}.Debug|Any CPU.ActiveCfg = Debug|Any CPU
		{00A12101-2295-4F19-903F-F9B288B5B4DE}.Debug|Any CPU.Build.0 = Debug|Any CPU
		{00A12101-2295-4F19-903F-F9B288B5B4DE}.Release|Any CPU.ActiveCfg = Release|Any CPU
		{00A12101-2295-4F19-903F-F9B288B5B4DE}.Release|Any CPU.Build.0 = Release|Any CPU
	EndGlobalSection
	GlobalSection(SolutionProperties) = preSolution
		HideSolutionNode = FALSE
	EndGlobalSection
	GlobalSection(ExtensibilityGlobals) = postSolution
		SolutionGuid = {3BC7BF37-F06B-4E9F-BEB4-2F0BAA13B913}
	EndGlobalSection
EndGlobal
